{
  "version": 4,
  "terraform_version": "1.2.9",
  "serial": 14,
  "lineage": "e6ffad1d-9b42-34c4-72d3-0ceb0662fdba",
  "outputs": {},
  "resources": [
    {
      "mode": "managed",
      "type": "azurerm_container_group",
      "name": "terra_test_2",
      "provider": "provider[\"registry.terraform.io/hashicorp/azurerm\"]",
      "instances": [
        {
          "schema_version": 0,
          "attributes": {
            "container": [
              {
                "commands": [],
                "cpu": 1,
                "environment_variables": {},
                "gpu": [],
                "image": "caokhoanguyen/weatherapi",
                "liveness_probe": [],
                "memory": 1,
                "name": "weatherapi",
                "ports": [
                  {
                    "port": 80,
                    "protocol": "TCP"
                  }
                ],
                "readiness_probe": [],
                "secure_environment_variables": {},
                "volume": []
              }
            ],
            "diagnostics": [],
            "dns_config": [],
            "dns_name_label": "caokhoanguyen1",
            "exposed_port": [
              {
                "port": 80,
                "protocol": "TCP"
              }
            ],
            "fqdn": "caokhoanguyen1.eastus.azurecontainer.io",
            "id": "/subscriptions/cea29899-f58e-4113-b5c1-a83e2fef717b/resourceGroups/gr_terra/providers/Microsoft.ContainerInstance/containerGroups/weatherapi",
            "identity": [],
            "image_registry_credential": [],
            "ip_address": "52.224.74.110",
            "ip_address_type": "Public",
            "location": "eastus",
            "name": "weatherapi",
            "network_profile_id": null,
            "os_type": "Linux",
            "resource_group_name": "gr_terra",
            "restart_policy": "Always",
            "tags": {},
            "timeouts": null
          },
          "sensitive_attributes": [],
          "private": "eyJlMmJmYjczMC1lY2FhLTExZTYtOGY4OC0zNDM2M2JjN2M0YzAiOnsiY3JlYXRlIjoxODAwMDAwMDAwMDAwLCJkZWxldGUiOjE4MDAwMDAwMDAwMDAsInJlYWQiOjMwMDAwMDAwMDAwMCwidXBkYXRlIjoxODAwMDAwMDAwMDAwfX0=",
          "dependencies": [
            "azurerm_resource_group.terra_test"
          ]
        }
      ]
    },
    {
      "mode": "managed",
      "type": "azurerm_resource_group",
      "name": "terra_test",
      "provider": "provider[\"registry.terraform.io/hashicorp/azurerm\"]",
      "instances": [
        {
          "schema_version": 0,
          "attributes": {
            "id": "/subscriptions/cea29899-f58e-4113-b5c1-a83e2fef717b/resourceGroups/gr_terra",
            "location": "eastus",
            "name": "gr_terra",
            "tags": {},
            "timeouts": null
          },
          "sensitive_attributes": [],
          "private": "eyJlMmJmYjczMC1lY2FhLTExZTYtOGY4OC0zNDM2M2JjN2M0YzAiOnsiY3JlYXRlIjo1NDAwMDAwMDAwMDAwLCJkZWxldGUiOjU0MDAwMDAwMDAwMDAsInJlYWQiOjMwMDAwMDAwMDAwMCwidXBkYXRlIjo1NDAwMDAwMDAwMDAwfX0="
        }
      ]
    }
  ]
}
